// !$*UTF8*$!
{
	archiveVersion = 1;
	classes = {
	};
	objectVersion = 46;
	objects = {

/* Begin PBXBuildFile section */
		44ABF2091DB506330039FF43 /* AppDelegate.swift in Sources */ = {isa = PBXBuildFile; fileRef = 44ABF2081DB506330039FF43 /* AppDelegate.swift */; };
		44ABF20B1DB506330039FF43 /* ViewController.swift in Sources */ = {isa = PBXBuildFile; fileRef = 44ABF20A1DB506330039FF43 /* ViewController.swift */; };
		44ABF20E1DB506330039FF43 /* Main.storyboard in Resources */ = {isa = PBXBuildFile; fileRef = 44ABF20C1DB506330039FF43 /* Main.storyboard */; };
		44ABF2101DB506330039FF43 /* Assets.xcassets in Resources */ = {isa = PBXBuildFile; fileRef = 44ABF20F1DB506330039FF43 /* Assets.xcassets */; };
		44ABF2131DB506330039FF43 /* LaunchScreen.storyboard in Resources */ = {isa = PBXBuildFile; fileRef = 44ABF2111DB506330039FF43 /* LaunchScreen.storyboard */; };
		44ABF21B1DB51ACD0039FF43 /* GameBoardViewController.swift in Sources */ = {isa = PBXBuildFile; fileRef = 44ABF21A1DB51ACD0039FF43 /* GameBoardViewController.swift */; };
		44ABF21D1DB546320039FF43 /* Board.swift in Sources */ = {isa = PBXBuildFile; fileRef = 44ABF21C1DB546320039FF43 /* Board.swift */; };
		44ABF21F1DB5629B0039FF43 /* GameOverViewController.swift in Sources */ = {isa = PBXBuildFile; fileRef = 44ABF21E1DB5629B0039FF43 /* GameOverViewController.swift */; };
		44ABF2211DB6590E0039FF43 /* SettingsViewController.swift in Sources */ = {isa = PBXBuildFile; fileRef = 44ABF2201DB6590E0039FF43 /* SettingsViewController.swift */; };
/* End PBXBuildFile section */

/* Begin PBXFileReference section */
		44ABF2051DB506330039FF43 /* tictactoe.app */ = {isa = PBXFileReference; explicitFileType = wrapper.application; includeInIndex = 0; path = tictactoe.app; sourceTree = BUILT_PRODUCTS_DIR; };
		44ABF2081DB506330039FF43 /* AppDelegate.swift */ = {isa = PBXFileReference; lastKnownFileType = sourcecode.swift; path = AppDelegate.swift; sourceTree = "<group>"; };
		44ABF20A1DB506330039FF43 /* ViewController.swift */ = {isa = PBXFileReference; lastKnownFileType = sourcecode.swift; path = ViewController.swift; sourceTree = "<group>"; };
		44ABF20D1DB506330039FF43 /* Base */ = {isa = PBXFileReference; lastKnownFileType = file.storyboard; name = Base; path = Base.lproj/Main.storyboard; sourceTree = "<group>"; };
		44ABF20F1DB506330039FF43 /* Assets.xcassets */ = {isa = PBXFileReference; lastKnownFileType = folder.assetcatalog; path = Assets.xcassets; sourceTree = "<group>"; };
		44ABF2121DB506330039FF43 /* Base */ = {isa = PBXFileReference; lastKnownFileType = file.storyboard; name = Base; path = Base.lproj/LaunchScreen.storyboard; sourceTree = "<group>"; };
		44ABF2141DB506330039FF43 /* Info.plist */ = {isa = PBXFileReference; lastKnownFileType = text.plist.xml; path = Info.plist; sourceTree = "<group>"; };
		44ABF21A1DB51ACD0039FF43 /* GameBoardViewController.swift */ = {isa = PBXFileReference; fileEncoding = 4; lastKnownFileType = sourcecode.swift; path = GameBoardViewController.swift; sourceTree = "<group>"; };
		44ABF21C1DB546320039FF43 /* Board.swift */ = {isa = PBXFileReference; fileEncoding = 4; lastKnownFileType = sourcecode.swift; path = Board.swift; sourceTree = "<group>"; };
		44ABF21E1DB5629B0039FF43 /* GameOverViewController.swift */ = {isa = PBXFileReference; fileEncoding = 4; lastKnownFileType = sourcecode.swift; path = GameOverViewController.swift; sourceTree = "<group>"; };
		44ABF2201DB6590E0039FF43 /* SettingsViewController.swift */ = {isa = PBXFileReference; fileEncoding = 4; lastKnownFileType = sourcecode.swift; path = SettingsViewController.swift; sourceTree = "<group>"; };
/* End PBXFileReference section */

/* Begin PBXFrameworksBuildPhase section */
		44ABF2021DB506330039FF43 /* Frameworks */ = {
			isa = PBXFrameworksBuildPhase;
			buildActionMask = 2147483647;
			files = (
			);
			runOnlyForDeploymentPostprocessing = 0;
		};
/* End PBXFrameworksBuildPhase section */

/* Begin PBXGroup section */
		44ABF1FC1DB506330039FF43 = {
			isa = PBXGroup;
			children = (
				44ABF2071DB506330039FF43 /* tictactoe */,
				44ABF2061DB506330039FF43 /* Products */,
			);
			sourceTree = "<group>";
		};
		44ABF2061DB506330039FF43 /* Products */ = {
			isa = PBXGroup;
			children = (
				44ABF2051DB506330039FF43 /* tictactoe.app */,
			);
			name = Products;
			sourceTree = "<group>";
		};
		44ABF2071DB506330039FF43 /* tictactoe */ = {
			isa = PBXGroup;
			children = (
				44ABF2081DB506330039FF43 /* AppDelegate.swift */,
				44ABF20A1DB506330039FF43 /* ViewController.swift */,
				44ABF20C1DB506330039FF43 /* Main.storyboard */,
				44ABF20F1DB506330039FF43 /* Assets.xcassets */,
				44ABF2111DB506330039FF43 /* LaunchScreen.storyboard */,
				44ABF2141DB506330039FF43 /* Info.plist */,
				44ABF21A1DB51ACD0039FF43 /* GameBoardViewController.swift */,
				44ABF21C1DB546320039FF43 /* Board.swift */,
				44ABF21E1DB5629B0039FF43 /* GameOverViewController.swift */,
				44ABF2201DB6590E0039FF43 /* SettingsViewController.swift */,
			);
			path = tictactoe;
			sourceTree = "<group>";
		};
/* End PBXGroup section */

/* Begin PBXNativeTarget section */
		44ABF2041DB506330039FF43 /* tictactoe */ = {
			isa = PBXNativeTarget;
			buildConfigurationList = 44ABF2171DB506330039FF43 /* Build configuration list for PBXNativeTarget "tictactoe" */;
			buildPhases = (
				44ABF2011DB506330039FF43 /* Sources */,
				44ABF2021DB506330039FF43 /* Frameworks */,
				44ABF2031DB506330039FF43 /* Resources */,
			);
			buildRules = (
			);
			dependencies = (
			);
			name = tictactoe;
			productName = tictactoe;
			productReference = 44ABF2051DB506330039FF43 /* tictactoe.app */;
			productType = "com.apple.product-type.application";
		};
/* End PBXNativeTarget section */

/* Begin PBXProject section */
		44ABF1FD1DB506330039FF43 /* Project object */ = {
			isa = PBXProject;
			attributes = {
				LastSwiftUpdateCheck = 0800;
				LastUpgradeCheck = 0800;
				ORGANIZATIONNAME = "Chad Trador";
				TargetAttributes = {
					44ABF2041DB506330039FF43 = {
						CreatedOnToolsVersion = 8.0;
						ProvisioningStyle = Automatic;
					};
				};
			};
			buildConfigurationList = 44ABF2001DB506330039FF43 /* Build configuration list for PBXProject "tictactoe" */;
			compatibilityVersion = "Xcode 3.2";
			developmentRegion = English;
			hasScannedForEncodings = 0;
			knownRegions = (
				en,
				Base,
			);
			mainGroup = 44ABF1FC1DB506330039FF43;
			productRefGroup = 44ABF2061DB506330039FF43 /* Products */;
			projectDirPath = "";
			projectRoot = "";
			targets = (
				44ABF2041DB506330039FF43 /* tictactoe */,
			);
		};
/* End PBXProject section */

/* Begin PBXResourcesBuildPhase section */
		44ABF2031DB506330039FF43 /* Resources */ = {
			isa = PBXResourcesBuildPhase;
			buildActionMask = 2147483647;
			files = (
				44ABF2131DB506330039FF43 /* LaunchScreen.storyboard in Resources */,
				44ABF2101DB506330039FF43 /* Assets.xcassets in Resources */,
				44ABF20E1DB506330039FF43 /* Main.storyboard in Resources */,
			);
			runOnlyForDeploymentPostprocessing = 0;
		};
/* End PBXResourcesBuildPhase section */

/* Begin PBXSourcesBuildPhase section */
		44ABF2011DB506330039FF43 /* Sources */ = {
			isa = PBXSourcesBuildPhase;
			buildActionMask = 2147483647;
			files = (
				44ABF20B1DB506330039FF43 /* ViewController.swift in Sources */,
				44ABF2091DB506330039FF43 /* AppDelegate.swift in Sources */,
				44ABF21D1DB546320039FF43 /* Board.swift in Sources */,
				44ABF21B1DB51ACD0039FF43 /* GameBoardViewController.swift in Sources */,
				44ABF21F1DB5629B0039FF43 /* GameOverViewController.swift in Sources */,
				44ABF2211DB6590E0039FF43 /* SettingsViewController.swift in Sources */,
			);
			runOnlyForDeploymentPostprocessing = 0;
		};
/* End PBXSourcesBuildPhase section */

/* Begin PBXVariantGroup section */
		44ABF20C1DB506330039FF43 /* Main.storyboard */ = {
			isa = PBXVariantGroup;
			children = (
				44ABF20D1DB506330039FF43 /* Base */,
			);
			name = Main.storyboard;
			sourceTree = "<group>";
		};
		44ABF2111DB506330039FF43 /* LaunchScreen.storyboard */ = {
			isa = PBXVariantGroup;
			children = (
				44ABF2121DB506330039FF43 /* Base */,
			);
			name = LaunchScreen.storyboard;
			sourceTree = "<group>";
		};
/* End PBXVariantGroup section */

/* Begin XCBuildConfiguration section */
		44ABF2151DB506330039FF43 /* Debug */ = {
			isa = XCBuildConfiguration;
			buildSettings = {
				ALWAYS_SEARCH_USER_PATHS = NO;
				CLANG_ANALYZER_NONNULL = YES;
				CLANG_CXX_LANGUAGE_STANDARD = "gnu++0x";
				CLANG_CXX_LIBRARY = "libc++";
				CLANG_ENABLE_MODULES = YES;
				CLANG_ENABLE_OBJC_ARC = YES;
				CLANG_WARN_BOOL_CONVERSION = YES;
				CLANG_WARN_CONSTANT_CONVERSION = YES;
				CLANG_WARN_DIRECT_OBJC_ISA_USAGE = YES_ERROR;
				CLANG_WARN_DOCUMENTATION_COMMENTS = YES;
				CLANG_WARN_EMPTY_BODY = YES;
				CLANG_WARN_ENUM_CONVERSION = YES;
				CLANG_WARN_INFINITE_RECURSION = YES;
				CLANG_WARN_INT_CONVERSION = YES;
				CLANG_WARN_OBJC_ROOT_CLASS = YES_ERROR;
				CLANG_WARN_SUSPICIOUS_MOVES = YES;
				CLANG_WARN_UNREACHABLE_CODE = YES;
				CLANG_WARN__DUPLICATE_METHOD_MATCH = YES;
				"CODE_SIGN_IDENTITY[sdk=iphoneos*]" = "iPhone Developer";
				COPY_PHASE_STRIP = NO;
				DEBUG_INFORMATION_FORMAT = dwarf;
				ENABLE_STRICT_OBJC_MSGSEND = YES;
				ENABLE_TESTABILITY = YES;
				GCC_C_LANGUAGE_STANDARD = gnu99;
				GCC_DYNAMIC_NO_PIC = NO;
				GCC_NO_COMMON_BLOCKS = YES;
				GCC_OPTIMIZATION_LEVEL = 0;
				GCC_PREPROCESSOR_DEFINITIONS = (
					"DEBUG=1",
					"$(inherited)",
				);
				GCC_WARN_64_TO_32_BIT_CONVERSION = YES;
				GCC_WARN_ABOUT_RETURN_TYPE = YES_ERROR;
				GCC_WARN_UNDECLARED_SELECTOR = YES;
				GCC_WARN_UNINITIALIZED_AUTOS = YES_AGGRESSIVE;
				GCC_WARN_UNUSED_FUNCTION = YES;
				GCC_WARN_UNUSED_VARIABLE = YES;
				IPHONEOS_DEPLOYMENT_TARGET = 10.0;
				MTL_ENABLE_DEBUG_INFO = YES;
				ONLY_ACTIVE_ARCH = YES;
				SDKROOT = iphoneos;
				SWIFT_ACTIVE_COMPILATION_CONDITIONS = DEBUG;
				SWIFT_OPTIMIZATION_LEVEL = "-Onone";
				TARGETED_DEVICE_FAMILY = "1,2";
			};
			name = Debug;
		};
		44ABF2161DB506330039FF43 /* Release */ = {
			isa = XCBuildConfiguration;
			buildSettings = {
				ALWAYS_SEARCH_USER_PATHS = NO;
				CLANG_ANALYZER_NONNULL = YES;
				CLANG_CXX_LANGUAGE_STANDARD = "gnu++0x";
				CLANG_CXX_LIBRARY = "libc++";
				CLANG_ENABLE_MODULES = YES;
				CLANG_ENABLE_OBJC_ARC = YES;
				CLANG_WARN_BOOL_CONVERSION = YES;
				CLANG_WARN_CONSTANT_CONVERSION = YES;
				CLANG_WARN_DIRECT_OBJC_ISA_USAGE = YES_ERROR;
				CLANG_WARN_DOCUMENTATION_COMMENTS = YES;
				CLANG_WARN_EMPTY_BODY = YES;
				CLANG_WARN_ENUM_CONVERSION = YES;
				CLANG_WARN_INFINITE_RECURSION = YES;
				CLANG_WARN_INT_CONVERSION = YES;
				CLANG_WARN_OBJC_ROOT_CLASS = YES_ERROR;
				CLANG_WARN_SUSPICIOUS_MOVES = YES;
				CLANG_WARN_UNREACHABLE_CODE = YES;
				CLANG_WARN__DUPLICATE_METHOD_MATCH = YES;
				"CODE_SIGN_IDENTITY[sdk=iphoneos*]" = "iPhone Developer";
				COPY_PHASE_STRIP = NO;
				DEBUG_INFORMATION_FORMAT = "dwarf-with-dsym";
				ENABLE_NS_ASSERTIONS = NO;
				ENABLE_STRICT_OBJC_MSGSEND = YES;
				GCC_C_LANGUAGE_STANDARD = gnu99;
				GCC_NO_COMMON_BLOCKS = YES;
				GCC_WARN_64_TO_32_BIT_CONVERSION = YES;
				GCC_WARN_ABOUT_RETURN_TYPE = YES_ERROR;
				GCC_WARN_UNDECLARED_SELECTOR = YES;
				GCC_WARN_UNINITIALIZED_AUTOS = YES_AGGRESSIVE;
				GCC_WARN_UNUSED_FUNCTION = YES;
				GCC_WARN_UNUSED_VARIABLE = YES;
				IPHONEOS_DEPLOYMENT_TARGET = 10.0;
				MTL_ENABLE_DEBUG_INFO = NO;
				SDKROOT = iphoneos;
				SWIFT_OPTIMIZATION_LEVEL = "-Owholemodule";
				TARGETED_DEVICE_FAMILY = "1,2";
				VALIDATE_PRODUCT = YES;
			};
			name = Release;
		};
		44ABF2181DB506330039FF43 /* Debug */ = {
			isa = XCBuildConfiguration;
			buildSettings = {
				ASSETCATALOG_COMPILER_APPICON_NAME = AppIcon;
				INFOPLIST_FILE = tictactoe/Info.plist;
				IPHONEOS_DEPLOYMENT_TARGET = 10.0;
				LD_RUNPATH_SEARCH_PATHS = "$(inherited) @executable_path/Frameworks";
				PRODUCT_BUNDLE_IDENTIFIER = com.Interapt.tictactoe;
				PRODUCT_NAME = "$(TARGET_NAME)";
				SWIFT_VERSION = 3.0;
			};
			name = Debug;
		};
		44ABF2191DB506330039FF43 /* Release */ = {
			isa = XCBuildConfiguration;
			buildSettings = {
				ASSETCATALOG_COMPILER_APPICON_NAME = AppIcon;
				INFOPLIST_FILE = tictactoe/Info.plist;
				IPHONEOS_DEPLOYMENT_TARGET = 10.0;
				LD_RUNPATH_SEARCH_PATHS = "$(inherited) @executable_path/Frameworks";
				PRODUCT_BUNDLE_IDENTIFIER = com.Interapt.tictactoe;
				PRODUCT_NAME = "$(TARGET_NAME)";
				SWIFT_VERSION = 3.0;
			};
			name = Release;
		};
/* End XCBuildConfiguration section */

/* Begin XCConfigurationList section */
		44ABF2001DB506330039FF43 /* Build configuration list for PBXProject "tictactoe" */ = {
			isa = XCConfigurationList;
			buildConfigurations = (
				44ABF2151DB506330039FF43 /* Debug */,
				44ABF2161DB506330039FF43 /* Release */,
			);
			defaultConfigurationIsVisible = 0;
			defaultConfigurationName = Release;
		};
		44ABF2171DB506330039FF43 /* Build configuration list for PBXNativeTarget "tictactoe" */ = {
			isa = XCConfigurationList;
			buildConfigurations = (
				44ABF2181DB506330039FF43 /* Debug */,
				44ABF2191DB506330039FF43 /* Release */,
			);
			defaultConfigurationIsVisible = 0;
		};
/* End XCConfigurationList section */
	};
	rootObject = 44ABF1FD1DB506330039FF43 /* Project object */;
}
